
Microsoft Visual Studio Solution File, Format Version 12.00
# Visual Studio 14
VisualStudioVersion = 14.0.25420.1
MinimumVisualStudioVersion = 10.0.40219.1
Project("{FAE04EC0-301F-11D3-BF4B-00C04F79EFBC}") = "ASPCustomControl", "ASPCustomControl\ASPCustomControl.csproj", "{AEEB47E7-99DD-4D95-8FC0-82BD1338BEF8}"
EndProject
Global
	GlobalSection(SolutionConfigurationPlatforms) = preSolution
		Debug|Any CPU = Debug|Any CPU
		Release|Any CPU = Release|Any CPU
	EndGlobalSection
	GlobalSection(ProjectConfigurationPlatforms) = postSolution
		{AEEB47E7-99DD-4D95-8FC0-82BD1338BEF8}.Debug|Any CPU.ActiveCfg = Debug|Any CPU
		{AEEB47E7-99DD-4D95-8FC0-82BD1338BEF8}.Debug|Any CPU.Build.0 = Debug|Any CPU
		{AEEB47E7-99DD-4D95-8FC0-82BD1338BEF8}.Release|Any CPU.ActiveCfg = Release|Any CPU
		{AEEB47E7-99DD-4D95-8FC0-82BD1338BEF8}.Release|Any CPU.Build.0 = Release|Any CPU
	EndGlobalSection
	GlobalSection(SolutionProperties) = preSolution
		HideSolutionNode = FALSE
	EndGlobalSection
EndGlobal
